# This file is automatically @generated by Cargo.
# It is not intended for manual editing.
version = 4

[[package]]
name = "gml-agents"
version = "0.1.0"
dependencies = [
 "gml-config",
 "gml-llm",
 "gml-prompts",
 "gml-types",
 "gml-world",
]

[[package]]
name = "gml-app"
version = "0.1.0"
dependencies = [
 "gml-audio",
 "gml-config",
 "gml-server",
]

[[package]]
name = "gml-audio"
version = "0.1.0"
dependencies = [
 "gml-codex",
 "gml-config",
 "gml-types",
]

[[package]]
name = "gml-codex"
version = "0.1.0"
dependencies = [
 "gml-config",
 "gml-llm",
 "gml-prompts",
 "gml-types",
]

[[package]]
name = "gml-config"
version = "0.1.0"
dependencies = [
 "gml-types",
]

[[package]]
name = "gml-llm"
version = "0.1.0"
dependencies = [
 "gml-config",
 "gml-prompts",
 "gml-types",
]

[[package]]
name = "gml-mock-server"
version = "0.1.0"
dependencies = [
 "gml-config",
 "gml-types",
 "gml-world",
]

[[package]]
name = "gml-orchestrator"
version = "0.1.0"
dependencies = [
 "gml-agents",
 "gml-config",
 "gml-llm",
 "gml-prompts",
 "gml-types",
 "gml-world",
]

[[package]]
name = "gml-persistence"
version = "0.1.0"
dependencies = [
 "gml-config",
 "gml-llm",
 "gml-orchestrator",
 "gml-rag",
 "gml-types",
 "gml-world",
]

[[package]]
name = "gml-prompts"
version = "0.1.0"
dependencies = [
 "gml-config",
]

[[package]]
name = "gml-rag"
version = "0.1.0"
dependencies = [
 "gml-config",
 "gml-types",
]

[[package]]
name = "gml-server"
version = "0.1.0"
dependencies = [
 "gml-agents",
 "gml-audio",
 "gml-codex",
 "gml-config",
 "gml-llm",
 "gml-orchestrator",
 "gml-persistence",
 "gml-prompts",
 "gml-rag",
 "gml-stories",
 "gml-types",
 "gml-world",
]

[[package]]
name = "gml-stories"
version = "0.1.0"
dependencies = [
 "gml-types",
 "gml-world",
]

[[package]]
name = "gml-types"
version = "0.1.0"

[[package]]
name = "gml-world"
version = "0.1.0"
dependencies = [
 "gml-config",
 "gml-prompts",
 "gml-types",
]
